# This file was autogenerated by Stack.
# You should not edit this file by hand.
# For more information, please see the documentation at:
#   https://docs.haskellstack.org/en/stable/lock_files

packages:
- completed:
    hackage: gf-3.10@sha256:2f7b1a235165a14e3df21d0199e12372fa1c9d0c621e37a1b41b1d788a24f4bc,8470
    pantry-tree:
      size: 64924
      sha256: cd4a378f17e1ee93b79503ee0a0e49575be5b37d0089d51eb682dad6d575c278
  original:
    hackage: gf-3.10
- completed:
    hackage: cgi-3001.4.0.0@sha256:b9030005162183eba8d0ad0fb48c7d9d7b1bab456a9da831931f70fa60223a60,3105
    pantry-tree:
      size: 993
      sha256: 612e753c785b5bbf64fb1aa6f96d9fb450224d69fc0aee7dc87608c91721f815
  original:
    hackage: cgi-3001.4.0.0
snapshots:
- completed:
    size: 509471
    url: https://raw.githubusercontent.com/commercialhaskell/stackage-snapshots/master/lts/12/26.yaml
    sha256: 95f014df58d0679b1c4a2b7bf2b652b61da8d30de5f571abb0d59015ef678646
  original: lts-12.26
